
Microsoft Visual Studio Solution File, Format Version 11.00
# Visual Studio 2010
Project("{FAE04EC0-301F-11D3-BF4B-00C04F79EFBC}") = "XmlParser", "XmlParser\XmlParser.csproj", "{82254395-F7D8-4109-A03D-4291FB93D447}"
EndProject
Project("{FAE04EC0-301F-11D3-BF4B-00C04F79EFBC}") = "XmlHelps", "XmlHelps\XmlHelps.csproj", "{5CB35F79-9560-4822-8E02-EC3129AA4F56}"
EndProject
Global
	GlobalSection(SolutionConfigurationPlatforms) = preSolution
		Debug|Any CPU = Debug|Any CPU
		Debug|Mixed Platforms = Debug|Mixed Platforms
		Debug|x86 = Debug|x86
		Release|Any CPU = Release|Any CPU
		Release|Mixed Platforms = Release|Mixed Platforms
		Release|x86 = Release|x86
	EndGlobalSection
	GlobalSection(ProjectConfigurationPlatforms) = postSolution
		{82254395-F7D8-4109-A03D-4291FB93D447}.Debug|Any CPU.ActiveCfg = Debug|Any CPU
		{82254395-F7D8-4109-A03D-4291FB93D447}.Debug|Any CPU.Build.0 = Debug|Any CPU
		{82254395-F7D8-4109-A03D-4291FB93D447}.Debug|Mixed Platforms.ActiveCfg = Debug|x86
		{82254395-F7D8-4109-A03D-4291FB93D447}.Debug|Mixed Platforms.Build.0 = Debug|x86
		{82254395-F7D8-4109-A03D-4291FB93D447}.Debug|x86.ActiveCfg = Debug|Any CPU
		{82254395-F7D8-4109-A03D-4291FB93D447}.Debug|x86.Build.0 = Debug|Any CPU
		{82254395-F7D8-4109-A03D-4291FB93D447}.Release|Any CPU.ActiveCfg = Release|Any CPU
		{82254395-F7D8-4109-A03D-4291FB93D447}.Release|Any CPU.Build.0 = Release|Any CPU
		{82254395-F7D8-4109-A03D-4291FB93D447}.Release|Mixed Platforms.ActiveCfg = Release|x86
		{82254395-F7D8-4109-A03D-4291FB93D447}.Release|Mixed Platforms.Build.0 = Release|x86
		{82254395-F7D8-4109-A03D-4291FB93D447}.Release|x86.ActiveCfg = Release|Any CPU
		{82254395-F7D8-4109-A03D-4291FB93D447}.Release|x86.Build.0 = Release|Any CPU
		{5CB35F79-9560-4822-8E02-EC3129AA4F56}.Debug|Any CPU.ActiveCfg = Debug|Any CPU
		{5CB35F79-9560-4822-8E02-EC3129AA4F56}.Debug|Any CPU.Build.0 = Debug|Any CPU
		{5CB35F79-9560-4822-8E02-EC3129AA4F56}.Debug|Mixed Platforms.ActiveCfg = Debug|Any CPU
		{5CB35F79-9560-4822-8E02-EC3129AA4F56}.Debug|Mixed Platforms.Build.0 = Debug|Any CPU
		{5CB35F79-9560-4822-8E02-EC3129AA4F56}.Debug|x86.ActiveCfg = Debug|Any CPU
		{5CB35F79-9560-4822-8E02-EC3129AA4F56}.Debug|x86.Build.0 = Debug|Any CPU
		{5CB35F79-9560-4822-8E02-EC3129AA4F56}.Release|Any CPU.ActiveCfg = Release|Any CPU
		{5CB35F79-9560-4822-8E02-EC3129AA4F56}.Release|Any CPU.Build.0 = Release|Any CPU
		{5CB35F79-9560-4822-8E02-EC3129AA4F56}.Release|Mixed Platforms.ActiveCfg = Release|Any CPU
		{5CB35F79-9560-4822-8E02-EC3129AA4F56}.Release|Mixed Platforms.Build.0 = Release|Any CPU
		{5CB35F79-9560-4822-8E02-EC3129AA4F56}.Release|x86.ActiveCfg = Release|Any CPU
		{5CB35F79-9560-4822-8E02-EC3129AA4F56}.Release|x86.Build.0 = Release|Any CPU
	EndGlobalSection
	GlobalSection(SolutionProperties) = preSolution
		HideSolutionNode = FALSE
	EndGlobalSection
EndGlobal
